
Microsoft Visual Studio Solution File, Format Version 12.00
# Visual Studio Version 17
VisualStudioVersion = 17.10.34928.147
MinimumVisualStudioVersion = 10.0.40219.1
Project("{FAE04EC0-301F-11D3-BF4B-00C04F79EFBC}") = "FiorelloApp", "FiorelloApp.csproj", "{2D78AA85-FEA2-4EAC-BB3C-AD5E5366F045}"
EndProject
Global
	GlobalSection(SolutionConfigurationPlatforms) = preSolution
		Debug|Any CPU = Debug|Any CPU
		Release|Any CPU = Release|Any CPU
	EndGlobalSection
	GlobalSection(ProjectConfigurationPlatforms) = postSolution
		{2D78AA85-FEA2-4EAC-BB3C-AD5E5366F045}.Debug|Any CPU.ActiveCfg = Debug|Any CPU
		{2D78AA85-FEA2-4EAC-BB3C-AD5E5366F045}.Debug|Any CPU.Build.0 = Debug|Any CPU
		{2D78AA85-FEA2-4EAC-BB3C-AD5E5366F045}.Release|Any CPU.ActiveCfg = Release|Any CPU
		{2D78AA85-FEA2-4EAC-BB3C-AD5E5366F045}.Release|Any CPU.Build.0 = Release|Any CPU
	EndGlobalSection
	GlobalSection(SolutionProperties) = preSolution
		HideSolutionNode = FALSE
	EndGlobalSection
	GlobalSection(ExtensibilityGlobals) = postSolution
		SolutionGuid = {C8E5C670-3DE5-4AEC-A0E3-38ED92A7A863}
	EndGlobalSection
EndGlobal
